{
  "name": "pi-extensions",
  "version": "file:../../../repos/personal/config/.pi/agent/npm",
  "lockfileVersion": 3,
  "requires": true,
  "packages": {
    "": {
      "name": "pi-extensions",
      "dependencies": {
        "pi-effort": "^0.0.5",
        "pi-scroll": "^0.1.2"
      }
    },
    "../../../repos/personal/config/.pi/agent/npm/node_modules/pi-effort": {
      "version": "0.0.5",
      "resolved": "https://registry.npmjs.org/pi-effort/-/pi-effort-0.0.5.tgz",
      "integrity": "sha512-tc/D4jSx9TcmGaMcDR5O/4xlTXIPJKMojt9Auv051ucC9q9N+1p+k5ndlMwaczGeUMrBo8XcOutDGX9exN39Fg==",
      "license": "Apache-2.0",
      "peerDependencies": {
        "@mariozechner/pi-ai": ">=0.69.0 <1.0.0",
        "@mariozechner/pi-coding-agent": ">=0.69.0 <1.0.0"
      }
    },
    "../../../repos/personal/config/.pi/agent/npm/node_modules/pi-scroll": {
      "version": "0.1.2",
      "resolved": "https://registry.npmjs.org/pi-scroll/-/pi-scroll-0.1.2.tgz",
      "integrity": "sha512-8mR5Z+5LWklqQYvKNbImip4DcT67TzlWC1a5Sc4Vlba989r/8oYh7bnKavB6Kv48PbZ1QcwnyXSa0g+9fD6Q+w==",
      "license": "MIT",
      "peerDependencies": {
        "@earendil-works/pi-coding-agent": "*",
        "@earendil-works/pi-tui": "*"
      }
    }
  }
}
